github.com/boundedinfinity/commons v1.0.9 h1:N/DTrhgfpVE5Ns8UjFJSUUwzL/5QFg9KxyXFBgWbTE8=
github.com/boundedinfinity/commons v1.0.9/go.mod h1:UxkXbk82NXamTm57Ujqc4EBAppmifDaH+T0Z4q/yYqU=
github.com/boundedinfinity/go-commoner v1.0.16 h1:pNln91oN1w8UT2XQcq9YlM8w3dzC6/NtaxL3NE465Pk=
github.com/boundedinfinity/go-commoner v1.0.16/go.mod h1:NtJk5jQO+YEXMZ9T+vTpQE3tCFTz+8Sr/N+ofQi5FSg=
github.com/boundedinfinity/go-marshaler v1.0.3 h1:TlAZE7vnYpIT+gbTYmYD+U4KdmItgG+kjEheMh1fZl8=
github.com/boundedinfinity/go-marshaler v1.0.3/go.mod h1:IhJT6cKBx3ED/ICQnxyt6qEKRmhbVngNxoJF0Ux+eTM=
github.com/boundedinfinity/go-trier v1.0.1 h1:38WkKsL9NEoi8hlZy8RyI6xjgS4GLvqr0dXJQ0oYqn4=
github.com/boundedinfinity/go-trier v1.0.1/go.mod h1:XmkIbcEA+ks9eBmxm7LqgVR+ogWs6lzI026K2v4DDu8=
github.com/boundedinfinity/jsonschema v1.0.1 h1:b2Py8wwn4642DBE1FhYbslF5DHTyZCCG8utUqG7NRSg=
github.com/boundedinfinity/jsonschema v1.0.1/go.mod h1:NqnDJGRPyTysfr3/GAXsXG6CzsNhRvdlTx8CO7fRDjM=
github.com/boundedinfinity/mimetyper v1.0.10 h1:Voq5q8n9MpDg/8Aol/yKX5V/Fv7Vg9OjPaNigZwDs0U=
github.com/boundedinfinity/mimetyper v1.0.10/go.mod h1:UODJ2UOu48HIzyn+GfBBNorudvd5ixI+mJOYlcPKyQk=
github.com/boundedinfinity/optioner v1.0.1 h1:+JQavAt3cuXmYChFX651fk8RNzLg4xiMGKhxUFQztPM=
github.com/boundedinfinity/optioner v1.0.1/go.mod h1:X0ftWNeI1VOuplpZiEaemuC/NmoJMzlTVvsYMxVykkg=
github.com/cpuguy83/go-md2man/v2 v2.0.2/go.mod h1:tgQtvFlXSQOSOSIRvRPT7W67SCa46tRHOmNcaadrF8o=
github.com/davecgh/go-spew v1.1.0/go.mod h1:J7Y8YcW2NihsgmVo/mv3lAwl/skON4iLHjSsI+c5H38=
github.com/davecgh/go-spew v1.1.1 h1:vj9j/u1bqnvCEfJOwUhtlOARqs3+rkHYY13jYWTU97c=
github.com/davecgh/go-spew v1.1.1/go.mod h1:J7Y8YcW2NihsgmVo/mv3lAwl/skON4iLHjSsI+c5H38=
github.com/inconshreveable/mousetrap v1.0.0/go.mod h1:PxqpIevigyE2G7u3NXJIT2ANytuPF1OarO4DADm73n8=
github.com/inconshreveable/mousetrap v1.0.1 h1:U3uMjPSQEBMNp1lFxmllqCPM6P5u/Xq7Pgzkat/bFNc=
github.com/inconshreveable/mousetrap v1.0.1/go.mod h1:vpF70FUmC8bwa3OWnCshd2FqLfsEA9PFc4w1p2J65bw=
github.com/pmezard/go-difflib v1.0.0 h1:4DBwDE0NGyQoBHbLQYPwSUPoCMWR5BEzIk/f1lZbAQM=
github.com/pmezard/go-difflib v1.0.0/go.mod h1:iKH77koFhYxTK1pcRnkKkqfTogsbg7gZNVY4sRDYZ/4=
github.com/russross/blackfriday/v2 v2.1.0/go.mod h1:+Rmxgy9KzJVeS9/2gXHxylqXiyQDYRxCVz55jmeOWTM=
github.com/spf13/cobra v1.5.0 h1:X+jTBEBqF0bHN+9cSMgmfuvv2VHJ9ezmFNf9Y/XstYU=
github.com/spf13/cobra v1.5.0/go.mod h1:dWXEIy2H428czQCjInthrTRUg7yKbok+2Qi/yBIJoUM=
github.com/spf13/pflag v1.0.5 h1:iy+VFUOCP1a+8yFto/drg2CJ5u0yRoB7fZw3DKv/JXA=
github.com/spf13/pflag v1.0.5/go.mod h1:McXfInJRrz4CZXVZOBLb0bTZqETkiAhM9Iw0y3An2Bg=
github.com/stretchr/objx v0.1.0/go.mod h1:HFkY916IF+rwdDfMAkV7OtwuqBVzrE8GR6GFx+wExME=
github.com/stretchr/objx v0.4.0/go.mod h1:YvHI0jy2hoMjB+UWwv71VJQ9isScKT/TqJzVSSt89Yw=
github.com/stretchr/testify v1.7.1/go.mod h1:6Fq8oRcR53rry900zMqJjRRixrwX3KX962/h/Wwjteg=
github.com/stretchr/testify v1.8.0 h1:pSgiaMZlXftHpm5L7V1+rVB+AZJydKsMxsQBIJw4PKk=
github.com/stretchr/testify v1.8.0/go.mod h1:yNjHg4UonilssWZ8iaSj1OCr/vHnekPRkoO+kdMU+MU=
gopkg.in/check.v1 v0.0.0-20161208181325-20d25e280405 h1:yhCVgyC4o1eVCa2tZl7eS0r+SDo693bJlVdllGtEeKM=
gopkg.in/check.v1 v0.0.0-20161208181325-20d25e280405/go.mod h1:Co6ibVJAznAaIkqp8huTwlJQCZ016jof/cbN4VW5Yz0=
gopkg.in/yaml.v2 v2.4.0 h1:D8xgwECY7CYvx+Y2n4sBz93Jn9JRvxdiyyo8CTfuKaY=
gopkg.in/yaml.v2 v2.4.0/go.mod h1:RDklbk79AGWmwhnvt/jBztapEOGDOx6ZbXqjP6csGnQ=
gopkg.in/yaml.v3 v3.0.0-20200313102051-9f266ea9e77c/go.mod h1:K4uyk7z7BCEPqu6E+C64Yfv1cQ7kz7rIZviUmN+EgEM=
gopkg.in/yaml.v3 v3.0.1 h1:fxVm/GzAzEWqLHuvctI91KS9hhNmmWOoWu0XTYJS7CA=
gopkg.in/yaml.v3 v3.0.1/go.mod h1:K4uyk7z7BCEPqu6E+C64Yfv1cQ7kz7rIZviUmN+EgEM=
